Microsoft Visual Studio Solution File, Format Version 12.00
# Visual Studio Version 17
VisualStudioVersion = 17.5.2.0
MinimumVisualStudioVersion = 10.0.40219.1
Project("{FAE04EC0-301F-11D3-BF4B-00C04F79EFBC}") = "LibraryOOP", "LibraryOOP\LibraryOOP.csproj", "{C84C23B8-856D-E4D9-02A4-6C50AA4226C0}"
EndProject
Project("{FAE04EC0-301F-11D3-BF4B-00C04F79EFBC}") = "VarsAndDataTypes", "VarsAndDataTypes\VarsAndDataTypes.csproj", "{BCE047C5-2626-C2E7-DA9A-71538ED8D1E8}"
EndProject
Project("{FAE04EC0-301F-11D3-BF4B-00C04F79EFBC}") = "HelloWorld", "HelloWorld\HelloWorld.csproj", "{3A798C92-DA22-B784-11D5-249F2DEA19E6}"
EndProject
Project("{FAE04EC0-301F-11D3-BF4B-00C04F79EFBC}") = "PaymentOOP", "PaymentOOP\PaymentOOP.csproj", "{8AC911B7-0A60-FA94-2C3E-B4826670BCA1}"
EndProject
Project("{FAE04EC0-301F-11D3-BF4B-00C04F79EFBC}") = "FirstAPI", "FirstAPI\FirstAPI.csproj", "{AE525012-1722-9A70-4DDF-E0D06BC84F24}"
EndProject
Project("{FAE04EC0-301F-11D3-BF4B-00C04F79EFBC}") = "Functions", "Functions\Functions.csproj", "{07F9302D-F97C-3D8E-FF37-A0F2FC5BDE17}"
EndProject
Project("{2150E333-8FDC-42A3-9474-1A3956D46DE8}") = "OOP", "OOP", "{CEC0EC27-0CEC-90C6-CABA-E58AB278E4DA}"
EndProject
Project("{FAE04EC0-301F-11D3-BF4B-00C04F79EFBC}") = "Obj", "OOP\Obj\Obj.csproj", "{CAA9F412-0C66-97BB-C03B-DCE71424B2E4}"
EndProject
Project("{FAE04EC0-301F-11D3-BF4B-00C04F79EFBC}") = "VehicleOOP", "OOP\VehicleOOP\VehicleOOP.csproj", "{B7699BD9-987D-76A6-2E46-C72EAE9A33F1}"
EndProject
Project("{FAE04EC0-301F-11D3-BF4B-00C04F79EFBC}") = "AbstractClass", "OOP\AbstractClass\AbstractClass.csproj", "{F994CAA9-1C78-462D-E546-6B0BBC2EF218}"
EndProject
Project("{FAE04EC0-301F-11D3-BF4B-00C04F79EFBC}") = "ZOO-Qsn", "OOP\ZOO-Qsn\ZOO-Qsn.csproj", "{3E95E9B2-1822-4551-F717-21A45E1769F2}"
EndProject
Project("{FAE04EC0-301F-11D3-BF4B-00C04F79EFBC}") = "ClassObj", "OOP\ClassObj\ClassObj.csproj", "{CCD2D235-EE12-F707-A405-5A89F1B1F538}"
EndProject
Project("{FAE04EC0-301F-11D3-BF4B-00C04F79EFBC}") = "EmployeeOOP", "OOP\EmployeeOOP\EmployeeOOP.csproj", "{6F6AB4C7-7281-7BF9-72E0-5891E4C5FCA4}"
EndProject
Global
	GlobalSection(SolutionConfigurationPlatforms) = preSolution
		Debug|Any CPU = Debug|Any CPU
		Release|Any CPU = Release|Any CPU
	EndGlobalSection
	GlobalSection(ProjectConfigurationPlatforms) = postSolution
		{C84C23B8-856D-E4D9-02A4-6C50AA4226C0}.Debug|Any CPU.ActiveCfg = Debug|Any CPU
		{C84C23B8-856D-E4D9-02A4-6C50AA4226C0}.Debug|Any CPU.Build.0 = Debug|Any CPU
		{C84C23B8-856D-E4D9-02A4-6C50AA4226C0}.Release|Any CPU.ActiveCfg = Release|Any CPU
		{C84C23B8-856D-E4D9-02A4-6C50AA4226C0}.Release|Any CPU.Build.0 = Release|Any CPU
		{BCE047C5-2626-C2E7-DA9A-71538ED8D1E8}.Debug|Any CPU.ActiveCfg = Debug|Any CPU
		{BCE047C5-2626-C2E7-DA9A-71538ED8D1E8}.Debug|Any CPU.Build.0 = Debug|Any CPU
		{BCE047C5-2626-C2E7-DA9A-71538ED8D1E8}.Release|Any CPU.ActiveCfg = Release|Any CPU
		{BCE047C5-2626-C2E7-DA9A-71538ED8D1E8}.Release|Any CPU.Build.0 = Release|Any CPU
		{3A798C92-DA22-B784-11D5-249F2DEA19E6}.Debug|Any CPU.ActiveCfg = Debug|Any CPU
		{3A798C92-DA22-B784-11D5-249F2DEA19E6}.Debug|Any CPU.Build.0 = Debug|Any CPU
		{3A798C92-DA22-B784-11D5-249F2DEA19E6}.Release|Any CPU.ActiveCfg = Release|Any CPU
		{3A798C92-DA22-B784-11D5-249F2DEA19E6}.Release|Any CPU.Build.0 = Release|Any CPU
		{8AC911B7-0A60-FA94-2C3E-B4826670BCA1}.Debug|Any CPU.ActiveCfg = Debug|Any CPU
		{8AC911B7-0A60-FA94-2C3E-B4826670BCA1}.Debug|Any CPU.Build.0 = Debug|Any CPU
		{8AC911B7-0A60-FA94-2C3E-B4826670BCA1}.Release|Any CPU.ActiveCfg = Release|Any CPU
		{8AC911B7-0A60-FA94-2C3E-B4826670BCA1}.Release|Any CPU.Build.0 = Release|Any CPU
		{AE525012-1722-9A70-4DDF-E0D06BC84F24}.Debug|Any CPU.ActiveCfg = Debug|Any CPU
		{AE525012-1722-9A70-4DDF-E0D06BC84F24}.Debug|Any CPU.Build.0 = Debug|Any CPU
		{AE525012-1722-9A70-4DDF-E0D06BC84F24}.Release|Any CPU.ActiveCfg = Release|Any CPU
		{AE525012-1722-9A70-4DDF-E0D06BC84F24}.Release|Any CPU.Build.0 = Release|Any CPU
		{07F9302D-F97C-3D8E-FF37-A0F2FC5BDE17}.Debug|Any CPU.ActiveCfg = Debug|Any CPU
		{07F9302D-F97C-3D8E-FF37-A0F2FC5BDE17}.Debug|Any CPU.Build.0 = Debug|Any CPU
		{07F9302D-F97C-3D8E-FF37-A0F2FC5BDE17}.Release|Any CPU.ActiveCfg = Release|Any CPU
		{07F9302D-F97C-3D8E-FF37-A0F2FC5BDE17}.Release|Any CPU.Build.0 = Release|Any CPU
		{CAA9F412-0C66-97BB-C03B-DCE71424B2E4}.Debug|Any CPU.ActiveCfg = Debug|Any CPU
		{CAA9F412-0C66-97BB-C03B-DCE71424B2E4}.Debug|Any CPU.Build.0 = Debug|Any CPU
		{CAA9F412-0C66-97BB-C03B-DCE71424B2E4}.Release|Any CPU.ActiveCfg = Release|Any CPU
		{CAA9F412-0C66-97BB-C03B-DCE71424B2E4}.Release|Any CPU.Build.0 = Release|Any CPU
		{B7699BD9-987D-76A6-2E46-C72EAE9A33F1}.Debug|Any CPU.ActiveCfg = Debug|Any CPU
		{B7699BD9-987D-76A6-2E46-C72EAE9A33F1}.Debug|Any CPU.Build.0 = Debug|Any CPU
		{B7699BD9-987D-76A6-2E46-C72EAE9A33F1}.Release|Any CPU.ActiveCfg = Release|Any CPU
		{B7699BD9-987D-76A6-2E46-C72EAE9A33F1}.Release|Any CPU.Build.0 = Release|Any CPU
		{F994CAA9-1C78-462D-E546-6B0BBC2EF218}.Debug|Any CPU.ActiveCfg = Debug|Any CPU
		{F994CAA9-1C78-462D-E546-6B0BBC2EF218}.Debug|Any CPU.Build.0 = Debug|Any CPU
		{F994CAA9-1C78-462D-E546-6B0BBC2EF218}.Release|Any CPU.ActiveCfg = Release|Any CPU
		{F994CAA9-1C78-462D-E546-6B0BBC2EF218}.Release|Any CPU.Build.0 = Release|Any CPU
		{3E95E9B2-1822-4551-F717-21A45E1769F2}.Debug|Any CPU.ActiveCfg = Debug|Any CPU
		{3E95E9B2-1822-4551-F717-21A45E1769F2}.Debug|Any CPU.Build.0 = Debug|Any CPU
		{3E95E9B2-1822-4551-F717-21A45E1769F2}.Release|Any CPU.ActiveCfg = Release|Any CPU
		{3E95E9B2-1822-4551-F717-21A45E1769F2}.Release|Any CPU.Build.0 = Release|Any CPU
		{CCD2D235-EE12-F707-A405-5A89F1B1F538}.Debug|Any CPU.ActiveCfg = Debug|Any CPU
		{CCD2D235-EE12-F707-A405-5A89F1B1F538}.Debug|Any CPU.Build.0 = Debug|Any CPU
		{CCD2D235-EE12-F707-A405-5A89F1B1F538}.Release|Any CPU.ActiveCfg = Release|Any CPU
		{CCD2D235-EE12-F707-A405-5A89F1B1F538}.Release|Any CPU.Build.0 = Release|Any CPU
		{6F6AB4C7-7281-7BF9-72E0-5891E4C5FCA4}.Debug|Any CPU.ActiveCfg = Debug|Any CPU
		{6F6AB4C7-7281-7BF9-72E0-5891E4C5FCA4}.Debug|Any CPU.Build.0 = Debug|Any CPU
		{6F6AB4C7-7281-7BF9-72E0-5891E4C5FCA4}.Release|Any CPU.ActiveCfg = Release|Any CPU
		{6F6AB4C7-7281-7BF9-72E0-5891E4C5FCA4}.Release|Any CPU.Build.0 = Release|Any CPU
	EndGlobalSection
	GlobalSection(SolutionProperties) = preSolution
		HideSolutionNode = FALSE
	EndGlobalSection
	GlobalSection(NestedProjects) = preSolution
		{CAA9F412-0C66-97BB-C03B-DCE71424B2E4} = {CEC0EC27-0CEC-90C6-CABA-E58AB278E4DA}
		{B7699BD9-987D-76A6-2E46-C72EAE9A33F1} = {CEC0EC27-0CEC-90C6-CABA-E58AB278E4DA}
		{F994CAA9-1C78-462D-E546-6B0BBC2EF218} = {CEC0EC27-0CEC-90C6-CABA-E58AB278E4DA}
		{3E95E9B2-1822-4551-F717-21A45E1769F2} = {CEC0EC27-0CEC-90C6-CABA-E58AB278E4DA}
		{CCD2D235-EE12-F707-A405-5A89F1B1F538} = {CEC0EC27-0CEC-90C6-CABA-E58AB278E4DA}
		{6F6AB4C7-7281-7BF9-72E0-5891E4C5FCA4} = {CEC0EC27-0CEC-90C6-CABA-E58AB278E4DA}
	EndGlobalSection
	GlobalSection(ExtensibilityGlobals) = postSolution
		SolutionGuid = {152083B6-BB0D-4D9A-A18D-6EB1BD331DE6}
	EndGlobalSection
EndGlobal
