Microsoft Visual Studio Solution File, Format Version 12.00
# Visual Studio Version 17
VisualStudioVersion = 17.5.2.0
MinimumVisualStudioVersion = 10.0.40219.1
Project("{FAE04EC0-301F-11D3-BF4B-00C04F79EFBC}") = "LibraryOOP", "LibraryOOP\LibraryOOP.csproj", "{C84C23B8-856D-E4D9-02A4-6C50AA4226C0}"
EndProject
Project("{FAE04EC0-301F-11D3-BF4B-00C04F79EFBC}") = "PaymentOOP", "PaymentOOP\PaymentOOP.csproj", "{8AC911B7-0A60-FA94-2C3E-B4826670BCA1}"
EndProject
Project("{FAE04EC0-301F-11D3-BF4B-00C04F79EFBC}") = "FirstAPI", "FirstAPI\FirstAPI.csproj", "{AE525012-1722-9A70-4DDF-E0D06BC84F24}"
EndProject
Project("{2150E333-8FDC-42A3-9474-1A3956D46DE8}") = "Basics", "Basics", "{6EA703D0-191A-D862-B1E6-67D1C8054AC9}"
EndProject
Project("{2150E333-8FDC-42A3-9474-1A3956D46DE8}") = "OOP", "OOP", "{CEC0EC27-0CEC-90C6-CABA-E58AB278E4DA}"
EndProject
Project("{FAE04EC0-301F-11D3-BF4B-00C04F79EFBC}") = "VarsAndDataTypes", "Basics\VarsAndDataTypes\VarsAndDataTypes.csproj", "{668EA9D3-80FC-F750-B7FE-A00A57BEAF54}"
EndProject
Project("{FAE04EC0-301F-11D3-BF4B-00C04F79EFBC}") = "Inputs", "Basics\Inputs\Inputs.csproj", "{98C60580-EEB3-1F11-3464-33E85C1C14AA}"
EndProject
Project("{FAE04EC0-301F-11D3-BF4B-00C04F79EFBC}") = "Functions", "Basics\Functions\Functions.csproj", "{4297E7CF-EF84-B7FF-ED5B-BE24202F9848}"
EndProject
Project("{FAE04EC0-301F-11D3-BF4B-00C04F79EFBC}") = "Obj", "OOP\Obj\Obj.csproj", "{CAA9F412-0C66-97BB-C03B-DCE71424B2E4}"
EndProject
Project("{FAE04EC0-301F-11D3-BF4B-00C04F79EFBC}") = "VehicleOOP", "OOP\VehicleOOP\VehicleOOP.csproj", "{B7699BD9-987D-76A6-2E46-C72EAE9A33F1}"
EndProject
Project("{FAE04EC0-301F-11D3-BF4B-00C04F79EFBC}") = "AbstractClass", "OOP\AbstractClass\AbstractClass.csproj", "{F994CAA9-1C78-462D-E546-6B0BBC2EF218}"
EndProject
Project("{FAE04EC0-301F-11D3-BF4B-00C04F79EFBC}") = "ZOO-Qsn", "OOP\ZOO-Qsn\ZOO-Qsn.csproj", "{3E95E9B2-1822-4551-F717-21A45E1769F2}"
EndProject
Project("{FAE04EC0-301F-11D3-BF4B-00C04F79EFBC}") = "ClassObj", "OOP\ClassObj\ClassObj.csproj", "{CCD2D235-EE12-F707-A405-5A89F1B1F538}"
EndProject
Project("{FAE04EC0-301F-11D3-BF4B-00C04F79EFBC}") = "EmployeeOOP", "OOP\EmployeeOOP\EmployeeOOP.csproj", "{6F6AB4C7-7281-7BF9-72E0-5891E4C5FCA4}"
EndProject
Global
	GlobalSection(SolutionConfigurationPlatforms) = preSolution
		Debug|Any CPU = Debug|Any CPU
		Release|Any CPU = Release|Any CPU
	EndGlobalSection
	GlobalSection(ProjectConfigurationPlatforms) = postSolution
		{C84C23B8-856D-E4D9-02A4-6C50AA4226C0}.Debug|Any CPU.ActiveCfg = Debug|Any CPU
		{C84C23B8-856D-E4D9-02A4-6C50AA4226C0}.Debug|Any CPU.Build.0 = Debug|Any CPU
		{C84C23B8-856D-E4D9-02A4-6C50AA4226C0}.Release|Any CPU.ActiveCfg = Release|Any CPU
		{C84C23B8-856D-E4D9-02A4-6C50AA4226C0}.Release|Any CPU.Build.0 = Release|Any CPU
		{8AC911B7-0A60-FA94-2C3E-B4826670BCA1}.Debug|Any CPU.ActiveCfg = Debug|Any CPU
		{8AC911B7-0A60-FA94-2C3E-B4826670BCA1}.Debug|Any CPU.Build.0 = Debug|Any CPU
		{8AC911B7-0A60-FA94-2C3E-B4826670BCA1}.Release|Any CPU.ActiveCfg = Release|Any CPU
		{8AC911B7-0A60-FA94-2C3E-B4826670BCA1}.Release|Any CPU.Build.0 = Release|Any CPU
		{AE525012-1722-9A70-4DDF-E0D06BC84F24}.Debug|Any CPU.ActiveCfg = Debug|Any CPU
		{AE525012-1722-9A70-4DDF-E0D06BC84F24}.Debug|Any CPU.Build.0 = Debug|Any CPU
		{AE525012-1722-9A70-4DDF-E0D06BC84F24}.Release|Any CPU.ActiveCfg = Release|Any CPU
		{AE525012-1722-9A70-4DDF-E0D06BC84F24}.Release|Any CPU.Build.0 = Release|Any CPU
		{668EA9D3-80FC-F750-B7FE-A00A57BEAF54}.Debug|Any CPU.ActiveCfg = Debug|Any CPU
		{668EA9D3-80FC-F750-B7FE-A00A57BEAF54}.Debug|Any CPU.Build.0 = Debug|Any CPU
		{668EA9D3-80FC-F750-B7FE-A00A57BEAF54}.Release|Any CPU.ActiveCfg = Release|Any CPU
		{668EA9D3-80FC-F750-B7FE-A00A57BEAF54}.Release|Any CPU.Build.0 = Release|Any CPU
		{98C60580-EEB3-1F11-3464-33E85C1C14AA}.Debug|Any CPU.ActiveCfg = Debug|Any CPU
		{98C60580-EEB3-1F11-3464-33E85C1C14AA}.Debug|Any CPU.Build.0 = Debug|Any CPU
		{98C60580-EEB3-1F11-3464-33E85C1C14AA}.Release|Any CPU.ActiveCfg = Release|Any CPU
		{98C60580-EEB3-1F11-3464-33E85C1C14AA}.Release|Any CPU.Build.0 = Release|Any CPU
		{4297E7CF-EF84-B7FF-ED5B-BE24202F9848}.Debug|Any CPU.ActiveCfg = Debug|Any CPU
		{4297E7CF-EF84-B7FF-ED5B-BE24202F9848}.Debug|Any CPU.Build.0 = Debug|Any CPU
		{4297E7CF-EF84-B7FF-ED5B-BE24202F9848}.Release|Any CPU.ActiveCfg = Release|Any CPU
		{4297E7CF-EF84-B7FF-ED5B-BE24202F9848}.Release|Any CPU.Build.0 = Release|Any CPU
		{CAA9F412-0C66-97BB-C03B-DCE71424B2E4}.Debug|Any CPU.ActiveCfg = Debug|Any CPU
		{CAA9F412-0C66-97BB-C03B-DCE71424B2E4}.Debug|Any CPU.Build.0 = Debug|Any CPU
		{CAA9F412-0C66-97BB-C03B-DCE71424B2E4}.Release|Any CPU.ActiveCfg = Release|Any CPU
		{CAA9F412-0C66-97BB-C03B-DCE71424B2E4}.Release|Any CPU.Build.0 = Release|Any CPU
		{B7699BD9-987D-76A6-2E46-C72EAE9A33F1}.Debug|Any CPU.ActiveCfg = Debug|Any CPU
		{B7699BD9-987D-76A6-2E46-C72EAE9A33F1}.Debug|Any CPU.Build.0 = Debug|Any CPU
		{B7699BD9-987D-76A6-2E46-C72EAE9A33F1}.Release|Any CPU.ActiveCfg = Release|Any CPU
		{B7699BD9-987D-76A6-2E46-C72EAE9A33F1}.Release|Any CPU.Build.0 = Release|Any CPU
		{F994CAA9-1C78-462D-E546-6B0BBC2EF218}.Debug|Any CPU.ActiveCfg = Debug|Any CPU
		{F994CAA9-1C78-462D-E546-6B0BBC2EF218}.Debug|Any CPU.Build.0 = Debug|Any CPU
		{F994CAA9-1C78-462D-E546-6B0BBC2EF218}.Release|Any CPU.ActiveCfg = Release|Any CPU
		{F994CAA9-1C78-462D-E546-6B0BBC2EF218}.Release|Any CPU.Build.0 = Release|Any CPU
		{3E95E9B2-1822-4551-F717-21A45E1769F2}.Debug|Any CPU.ActiveCfg = Debug|Any CPU
		{3E95E9B2-1822-4551-F717-21A45E1769F2}.Debug|Any CPU.Build.0 = Debug|Any CPU
		{3E95E9B2-1822-4551-F717-21A45E1769F2}.Release|Any CPU.ActiveCfg = Release|Any CPU
		{3E95E9B2-1822-4551-F717-21A45E1769F2}.Release|Any CPU.Build.0 = Release|Any CPU
		{CCD2D235-EE12-F707-A405-5A89F1B1F538}.Debug|Any CPU.ActiveCfg = Debug|Any CPU
		{CCD2D235-EE12-F707-A405-5A89F1B1F538}.Debug|Any CPU.Build.0 = Debug|Any CPU
		{CCD2D235-EE12-F707-A405-5A89F1B1F538}.Release|Any CPU.ActiveCfg = Release|Any CPU
		{CCD2D235-EE12-F707-A405-5A89F1B1F538}.Release|Any CPU.Build.0 = Release|Any CPU
		{6F6AB4C7-7281-7BF9-72E0-5891E4C5FCA4}.Debug|Any CPU.ActiveCfg = Debug|Any CPU
		{6F6AB4C7-7281-7BF9-72E0-5891E4C5FCA4}.Debug|Any CPU.Build.0 = Debug|Any CPU
		{6F6AB4C7-7281-7BF9-72E0-5891E4C5FCA4}.Release|Any CPU.ActiveCfg = Release|Any CPU
		{6F6AB4C7-7281-7BF9-72E0-5891E4C5FCA4}.Release|Any CPU.Build.0 = Release|Any CPU
	EndGlobalSection
	GlobalSection(SolutionProperties) = preSolution
		HideSolutionNode = FALSE
	EndGlobalSection
	GlobalSection(NestedProjects) = preSolution
		{668EA9D3-80FC-F750-B7FE-A00A57BEAF54} = {6EA703D0-191A-D862-B1E6-67D1C8054AC9}
		{98C60580-EEB3-1F11-3464-33E85C1C14AA} = {6EA703D0-191A-D862-B1E6-67D1C8054AC9}
		{4297E7CF-EF84-B7FF-ED5B-BE24202F9848} = {6EA703D0-191A-D862-B1E6-67D1C8054AC9}
		{CAA9F412-0C66-97BB-C03B-DCE71424B2E4} = {CEC0EC27-0CEC-90C6-CABA-E58AB278E4DA}
		{B7699BD9-987D-76A6-2E46-C72EAE9A33F1} = {CEC0EC27-0CEC-90C6-CABA-E58AB278E4DA}
		{F994CAA9-1C78-462D-E546-6B0BBC2EF218} = {CEC0EC27-0CEC-90C6-CABA-E58AB278E4DA}
		{3E95E9B2-1822-4551-F717-21A45E1769F2} = {CEC0EC27-0CEC-90C6-CABA-E58AB278E4DA}
		{CCD2D235-EE12-F707-A405-5A89F1B1F538} = {CEC0EC27-0CEC-90C6-CABA-E58AB278E4DA}
		{6F6AB4C7-7281-7BF9-72E0-5891E4C5FCA4} = {CEC0EC27-0CEC-90C6-CABA-E58AB278E4DA}
	EndGlobalSection
	GlobalSection(ExtensibilityGlobals) = postSolution
		SolutionGuid = {FC4F7815-C6BF-48F7-A4D3-485223C9CA24}
	EndGlobalSection
EndGlobal
